
Microsoft Visual Studio Solution File, Format Version 12.00
# Visual Studio Version 17
VisualStudioVersion = 17.0.31903.59
MinimumVisualStudioVersion = 10.0.40219.1
Project("{FAE04EC0-301F-11D3-BF4B-00C04F79EFBC}") = "StreetsAndBlocks", "src\StreetsAndBlocks.csproj", "{788D4E86-FC08-4B77-A7AE-B4AAFDC59E74}"
EndProject
Project("{FAE04EC0-301F-11D3-BF4B-00C04F79EFBC}") = "StreetsAndBlocks.Dependencies", "dependencies\StreetsAndBlocks.Dependencies.csproj", "{326F03DB-489A-49BB-9BFD-9CA92B86B660}"
EndProject
Project("{FAE04EC0-301F-11D3-BF4B-00C04F79EFBC}") = "StreetsAndBlocks.Tests", "test\StreetsAndBlocks.Tests.csproj", "{F44274CF-B8ED-402A-A98A-1D3A4BDC8026}"
EndProject
Global
	GlobalSection(SolutionConfigurationPlatforms) = preSolution
		Debug|Any CPU = Debug|Any CPU
		Release|Any CPU = Release|Any CPU
	EndGlobalSection
	GlobalSection(SolutionProperties) = preSolution
		HideSolutionNode = FALSE
	EndGlobalSection
	GlobalSection(ProjectConfigurationPlatforms) = postSolution
		{788D4E86-FC08-4B77-A7AE-B4AAFDC59E74}.Debug|Any CPU.ActiveCfg = Debug|Any CPU
		{788D4E86-FC08-4B77-A7AE-B4AAFDC59E74}.Debug|Any CPU.Build.0 = Debug|Any CPU
		{788D4E86-FC08-4B77-A7AE-B4AAFDC59E74}.Release|Any CPU.ActiveCfg = Release|Any CPU
		{788D4E86-FC08-4B77-A7AE-B4AAFDC59E74}.Release|Any CPU.Build.0 = Release|Any CPU
		{326F03DB-489A-49BB-9BFD-9CA92B86B660}.Debug|Any CPU.ActiveCfg = Debug|Any CPU
		{326F03DB-489A-49BB-9BFD-9CA92B86B660}.Debug|Any CPU.Build.0 = Debug|Any CPU
		{326F03DB-489A-49BB-9BFD-9CA92B86B660}.Release|Any CPU.ActiveCfg = Release|Any CPU
		{326F03DB-489A-49BB-9BFD-9CA92B86B660}.Release|Any CPU.Build.0 = Release|Any CPU
		{F44274CF-B8ED-402A-A98A-1D3A4BDC8026}.Debug|Any CPU.ActiveCfg = Debug|Any CPU
		{F44274CF-B8ED-402A-A98A-1D3A4BDC8026}.Debug|Any CPU.Build.0 = Debug|Any CPU
		{F44274CF-B8ED-402A-A98A-1D3A4BDC8026}.Release|Any CPU.ActiveCfg = Release|Any CPU
		{F44274CF-B8ED-402A-A98A-1D3A4BDC8026}.Release|Any CPU.Build.0 = Release|Any CPU
	EndGlobalSection
EndGlobal
